
Microsoft Visual Studio Solution File, Format Version 12.00
# Visual Studio Version 16
VisualStudioVersion = 16.0.31424.327
MinimumVisualStudioVersion = 10.0.40219.1
Project("{FAE04EC0-301F-11D3-BF4B-00C04F79EFBC}") = "BookingClassLibrary", "BookingClassLibrary\BookingClassLibrary.csproj", "{9F85E851-F3D5-482C-829D-BF5780C91279}"
EndProject
Project("{FAE04EC0-301F-11D3-BF4B-00C04F79EFBC}") = "RestBookAPI", "RestBookAPI\RestBookAPI.csproj", "{6C1B32AC-9EE4-46B7-BDB0-2D96E6055DEA}"
EndProject
Project("{FAE04EC0-301F-11D3-BF4B-00C04F79EFBC}") = "RestaurentMVC", "RestaurentMVC\RestaurentMVC.csproj", "{45EFCA1E-7D94-4F0A-96B2-3AC1F7802D77}"
EndProject
Project("{FAE04EC0-301F-11D3-BF4B-00C04F79EFBC}") = "UserWebApi", "UserWebApi\UserWebApi.csproj", "{6E4321BE-7314-494B-AA91-46B642671731}"
EndProject
Global
	GlobalSection(SolutionConfigurationPlatforms) = preSolution
		Debug|Any CPU = Debug|Any CPU
		Release|Any CPU = Release|Any CPU
	EndGlobalSection
	GlobalSection(ProjectConfigurationPlatforms) = postSolution
		{9F85E851-F3D5-482C-829D-BF5780C91279}.Debug|Any CPU.ActiveCfg = Debug|Any CPU
		{9F85E851-F3D5-482C-829D-BF5780C91279}.Debug|Any CPU.Build.0 = Debug|Any CPU
		{9F85E851-F3D5-482C-829D-BF5780C91279}.Release|Any CPU.ActiveCfg = Release|Any CPU
		{9F85E851-F3D5-482C-829D-BF5780C91279}.Release|Any CPU.Build.0 = Release|Any CPU
		{6C1B32AC-9EE4-46B7-BDB0-2D96E6055DEA}.Debug|Any CPU.ActiveCfg = Debug|Any CPU
		{6C1B32AC-9EE4-46B7-BDB0-2D96E6055DEA}.Debug|Any CPU.Build.0 = Debug|Any CPU
		{6C1B32AC-9EE4-46B7-BDB0-2D96E6055DEA}.Release|Any CPU.ActiveCfg = Release|Any CPU
		{6C1B32AC-9EE4-46B7-BDB0-2D96E6055DEA}.Release|Any CPU.Build.0 = Release|Any CPU
		{45EFCA1E-7D94-4F0A-96B2-3AC1F7802D77}.Debug|Any CPU.ActiveCfg = Debug|Any CPU
		{45EFCA1E-7D94-4F0A-96B2-3AC1F7802D77}.Debug|Any CPU.Build.0 = Debug|Any CPU
		{45EFCA1E-7D94-4F0A-96B2-3AC1F7802D77}.Release|Any CPU.ActiveCfg = Release|Any CPU
		{45EFCA1E-7D94-4F0A-96B2-3AC1F7802D77}.Release|Any CPU.Build.0 = Release|Any CPU
		{6E4321BE-7314-494B-AA91-46B642671731}.Debug|Any CPU.ActiveCfg = Debug|Any CPU
		{6E4321BE-7314-494B-AA91-46B642671731}.Debug|Any CPU.Build.0 = Debug|Any CPU
		{6E4321BE-7314-494B-AA91-46B642671731}.Release|Any CPU.ActiveCfg = Release|Any CPU
		{6E4321BE-7314-494B-AA91-46B642671731}.Release|Any CPU.Build.0 = Release|Any CPU
	EndGlobalSection
	GlobalSection(SolutionProperties) = preSolution
		HideSolutionNode = FALSE
	EndGlobalSection
	GlobalSection(ExtensibilityGlobals) = postSolution
		SolutionGuid = {BB37773D-F3EC-4760-AC3C-7716C5CAD2B0}
	EndGlobalSection
EndGlobal
